
Microsoft Visual Studio Solution File, Format Version 12.00
# Visual Studio Version 17
VisualStudioVersion = 17.4.33403.182
MinimumVisualStudioVersion = 10.0.40219.1
Project("{8BC9CEB8-8B4A-11D0-8D11-00A0C91BC942}") = "Simulator", "..\Simulator\Simulator.vcxproj", "{D318EE9A-F36B-4915-B37D-4B64A0465FD6}"
EndProject
Project("{8BC9CEB8-8B4A-11D0-8D11-00A0C91BC942}") = "DefinitEngine", "DefinitEngine.vcxproj", "{EBF1D906-C2FB-46D0-A63E-9D962107BCCC}"
EndProject
Global
	GlobalSection(SolutionConfigurationPlatforms) = preSolution
		Debug|x64 = Debug|x64
		Release|x64 = Release|x64
	EndGlobalSection
	GlobalSection(ProjectConfigurationPlatforms) = postSolution
		{EBF1D906-C2FB-46D0-A63E-9D962107BCCC}.Debug|x64.ActiveCfg = Debug|x64
		{EBF1D906-C2FB-46D0-A63E-9D962107BCCC}.Debug|x64.Build.0 = Debug|x64
		{EBF1D906-C2FB-46D0-A63E-9D962107BCCC}.Release|x64.ActiveCfg = Release|x64
		{EBF1D906-C2FB-46D0-A63E-9D962107BCCC}.Release|x64.Build.0 = Release|x64
		{D318EE9A-F36B-4915-B37D-4B64A0465FD6}.Debug|x64.ActiveCfg = Debug|x64
		{D318EE9A-F36B-4915-B37D-4B64A0465FD6}.Debug|x64.Build.0 = Debug|x64
		{D318EE9A-F36B-4915-B37D-4B64A0465FD6}.Release|x64.ActiveCfg = Release|x64
		{D318EE9A-F36B-4915-B37D-4B64A0465FD6}.Release|x64.Build.0 = Release|x64
	EndGlobalSection
	GlobalSection(SolutionProperties) = preSolution
		HideSolutionNode = FALSE
	EndGlobalSection
	GlobalSection(ExtensibilityGlobals) = postSolution
		SolutionGuid = {B9DC7F83-3191-434E-AA48-5E9E25CE12F3}
	EndGlobalSection
EndGlobal
